
Microsoft Visual Studio Solution File, Format Version 12.00
# Visual Studio 15
VisualStudioVersion = 15.0.28307.136
MinimumVisualStudioVersion = 10.0.40219.1
Project("{FAE04EC0-301F-11D3-BF4B-00C04F79EFBC}") = "MooDL", "MooDL\MooDL.csproj", "{7DA8C23B-A62B-41B7-B943-E5A401959CF0}"
EndProject
Global
	GlobalSection(SolutionConfigurationPlatforms) = preSolution
		Debug|Any CPU = Debug|Any CPU
		Release|Any CPU = Release|Any CPU
	EndGlobalSection
	GlobalSection(ProjectConfigurationPlatforms) = postSolution
		{7DA8C23B-A62B-41B7-B943-E5A401959CF0}.Debug|Any CPU.ActiveCfg = Debug|Any CPU
		{7DA8C23B-A62B-41B7-B943-E5A401959CF0}.Debug|Any CPU.Build.0 = Debug|Any CPU
		{7DA8C23B-A62B-41B7-B943-E5A401959CF0}.Release|Any CPU.ActiveCfg = Release|Any CPU
		{7DA8C23B-A62B-41B7-B943-E5A401959CF0}.Release|Any CPU.Build.0 = Release|Any CPU
	EndGlobalSection
	GlobalSection(SolutionProperties) = preSolution
		HideSolutionNode = FALSE
	EndGlobalSection
	GlobalSection(ExtensibilityGlobals) = postSolution
		SolutionGuid = {5CFC364B-C953-41C6-82B6-FAF897E91386}
	EndGlobalSection
EndGlobal
